// !$*UTF8*$!
{
	archiveVersion = 1;
	classes = {
	};
	objectVersion = 46;
	objects = {

/* Begin PBXBuildFile section */
		432B94511971F34F00F0CE00 /* AddressBookWrapper.m in Sources */ = {isa = PBXBuildFile; fileRef = 432B94501971F34F00F0CE00 /* AddressBookWrapper.m */; };
		43CC2C621971D0FA00B9E71E /* AppDelegate.swift in Sources */ = {isa = PBXBuildFile; fileRef = 43CC2C611971D0FA00B9E71E /* AppDelegate.swift */; };
		43CC2C641971D0FA00B9E71E /* ViewController.swift in Sources */ = {isa = PBXBuildFile; fileRef = 43CC2C631971D0FA00B9E71E /* ViewController.swift */; };
		43CC2C671971D0FA00B9E71E /* Main.storyboard in Resources */ = {isa = PBXBuildFile; fileRef = 43CC2C651971D0FA00B9E71E /* Main.storyboard */; };
		43CC2C691971D0FA00B9E71E /* Images.xcassets in Resources */ = {isa = PBXBuildFile; fileRef = 43CC2C681971D0FA00B9E71E /* Images.xcassets */; };
		43CC2C751971D0FA00B9E71E /* LastNightTests.swift in Sources */ = {isa = PBXBuildFile; fileRef = 43CC2C741971D0FA00B9E71E /* LastNightTests.swift */; };
		7FA406CD197764F9009615A7 /* ContactListViewController.swift in Sources */ = {isa = PBXBuildFile; fileRef = 7FA406CC197764F9009615A7 /* ContactListViewController.swift */; };
/* End PBXBuildFile section */

/* Begin PBXContainerItemProxy section */
		43CC2C6F1971D0FA00B9E71E /* PBXContainerItemProxy */ = {
			isa = PBXContainerItemProxy;
			containerPortal = 43CC2C541971D0FA00B9E71E /* Project object */;
			proxyType = 1;
			remoteGlobalIDString = 43CC2C5B1971D0FA00B9E71E;
			remoteInfo = LastNight;
		};
/* End PBXContainerItemProxy section */

/* Begin PBXFileReference section */
		432B944E1971F34E00F0CE00 /* LastNight-Bridging-Header.h */ = {isa = PBXFileReference; lastKnownFileType = sourcecode.c.h; path = "LastNight-Bridging-Header.h"; sourceTree = "<group>"; };
		432B944F1971F34F00F0CE00 /* AddressBookWrapper.h */ = {isa = PBXFileReference; fileEncoding = 4; lastKnownFileType = sourcecode.c.h; path = AddressBookWrapper.h; sourceTree = "<group>"; };
		432B94501971F34F00F0CE00 /* AddressBookWrapper.m */ = {isa = PBXFileReference; fileEncoding = 4; lastKnownFileType = sourcecode.c.objc; path = AddressBookWrapper.m; sourceTree = "<group>"; };
		43CC2C5C1971D0FA00B9E71E /* LastNight.app */ = {isa = PBXFileReference; explicitFileType = wrapper.application; includeInIndex = 0; path = LastNight.app; sourceTree = BUILT_PRODUCTS_DIR; };
		43CC2C601971D0FA00B9E71E /* Info.plist */ = {isa = PBXFileReference; lastKnownFileType = text.plist.xml; path = Info.plist; sourceTree = "<group>"; };
		43CC2C611971D0FA00B9E71E /* AppDelegate.swift */ = {isa = PBXFileReference; lastKnownFileType = sourcecode.swift; path = AppDelegate.swift; sourceTree = "<group>"; };
		43CC2C631971D0FA00B9E71E /* ViewController.swift */ = {isa = PBXFileReference; lastKnownFileType = sourcecode.swift; path = ViewController.swift; sourceTree = "<group>"; };
		43CC2C661971D0FA00B9E71E /* Base */ = {isa = PBXFileReference; lastKnownFileType = file.storyboard; name = Base; path = Base.lproj/Main.storyboard; sourceTree = "<group>"; };
		43CC2C681971D0FA00B9E71E /* Images.xcassets */ = {isa = PBXFileReference; lastKnownFileType = folder.assetcatalog; path = Images.xcassets; sourceTree = "<group>"; };
		43CC2C6E1971D0FA00B9E71E /* LastNightTests.xctest */ = {isa = PBXFileReference; explicitFileType = wrapper.cfbundle; includeInIndex = 0; path = LastNightTests.xctest; sourceTree = BUILT_PRODUCTS_DIR; };
		43CC2C731971D0FA00B9E71E /* Info.plist */ = {isa = PBXFileReference; lastKnownFileType = text.plist.xml; path = Info.plist; sourceTree = "<group>"; };
		43CC2C741971D0FA00B9E71E /* LastNightTests.swift */ = {isa = PBXFileReference; lastKnownFileType = sourcecode.swift; path = LastNightTests.swift; sourceTree = "<group>"; };
		7FA406CC197764F9009615A7 /* ContactListViewController.swift */ = {isa = PBXFileReference; fileEncoding = 4; lastKnownFileType = sourcecode.swift; path = ContactListViewController.swift; sourceTree = "<group>"; };
/* End PBXFileReference section */

/* Begin PBXFrameworksBuildPhase section */
		43CC2C591971D0FA00B9E71E /* Frameworks */ = {
			isa = PBXFrameworksBuildPhase;
			buildActionMask = 2147483647;
			files = (
			);
			runOnlyForDeploymentPostprocessing = 0;
		};
		43CC2C6B1971D0FA00B9E71E /* Frameworks */ = {
			isa = PBXFrameworksBuildPhase;
			buildActionMask = 2147483647;
			files = (
			);
			runOnlyForDeploymentPostprocessing = 0;
		};
/* End PBXFrameworksBuildPhase section */

/* Begin PBXGroup section */
		43CC2C531971D0FA00B9E71E = {
			isa = PBXGroup;
			children = (
				43CC2C5E1971D0FA00B9E71E /* LastNight */,
				43CC2C711971D0FA00B9E71E /* LastNightTests */,
				43CC2C5D1971D0FA00B9E71E /* Products */,
			);
			sourceTree = "<group>";
		};
		43CC2C5D1971D0FA00B9E71E /* Products */ = {
			isa = PBXGroup;
			children = (
				43CC2C5C1971D0FA00B9E71E /* LastNight.app */,
				43CC2C6E1971D0FA00B9E71E /* LastNightTests.xctest */,
			);
			name = Products;
			sourceTree = "<group>";
		};
		43CC2C5E1971D0FA00B9E71E /* LastNight */ = {
			isa = PBXGroup;
			children = (
				43CC2C631971D0FA00B9E71E /* ViewController.swift */,
				7FA406CC197764F9009615A7 /* ContactListViewController.swift */,
				43CC2C651971D0FA00B9E71E /* Main.storyboard */,
				432B944F1971F34F00F0CE00 /* AddressBookWrapper.h */,
				432B94501971F34F00F0CE00 /* AddressBookWrapper.m */,
				43CC2C681971D0FA00B9E71E /* Images.xcassets */,
				43CC2C5F1971D0FA00B9E71E /* Supporting Files */,
				432B944E1971F34E00F0CE00 /* LastNight-Bridging-Header.h */,
			);
			path = LastNight;
			sourceTree = "<group>";
		};
		43CC2C5F1971D0FA00B9E71E /* Supporting Files */ = {
			isa = PBXGroup;
			children = (
				43CC2C611971D0FA00B9E71E /* AppDelegate.swift */,
				43CC2C601971D0FA00B9E71E /* Info.plist */,
			);
			name = "Supporting Files";
			sourceTree = "<group>";
		};
		43CC2C711971D0FA00B9E71E /* LastNightTests */ = {
			isa = PBXGroup;
			children = (
				43CC2C741971D0FA00B9E71E /* LastNightTests.swift */,
				43CC2C721971D0FA00B9E71E /* Supporting Files */,
			);
			path = LastNightTests;
			sourceTree = "<group>";
		};
		43CC2C721971D0FA00B9E71E /* Supporting Files */ = {
			isa = PBXGroup;
			children = (
				43CC2C731971D0FA00B9E71E /* Info.plist */,
			);
			name = "Supporting Files";
			sourceTree = "<group>";
		};
/* End PBXGroup section */

/* Begin PBXNativeTarget section */
		43CC2C5B1971D0FA00B9E71E /* LastNight */ = {
			isa = PBXNativeTarget;
			buildConfigurationList = 43CC2C781971D0FA00B9E71E /* Build configuration list for PBXNativeTarget "LastNight" */;
			buildPhases = (
				43CC2C581971D0FA00B9E71E /* Sources */,
				43CC2C591971D0FA00B9E71E /* Frameworks */,
				43CC2C5A1971D0FA00B9E71E /* Resources */,
			);
			buildRules = (
			);
			dependencies = (
			);
			name = LastNight;
			productName = LastNight;
			productReference = 43CC2C5C1971D0FA00B9E71E /* LastNight.app */;
			productType = "com.apple.product-type.application";
		};
		43CC2C6D1971D0FA00B9E71E /* LastNightTests */ = {
			isa = PBXNativeTarget;
			buildConfigurationList = 43CC2C7B1971D0FA00B9E71E /* Build configuration list for PBXNativeTarget "LastNightTests" */;
			buildPhases = (
				43CC2C6A1971D0FA00B9E71E /* Sources */,
				43CC2C6B1971D0FA00B9E71E /* Frameworks */,
				43CC2C6C1971D0FA00B9E71E /* Resources */,
			);
			buildRules = (
			);
			dependencies = (
				43CC2C701971D0FA00B9E71E /* PBXTargetDependency */,
			);
			name = LastNightTests;
			productName = LastNightTests;
			productReference = 43CC2C6E1971D0FA00B9E71E /* LastNightTests.xctest */;
			productType = "com.apple.product-type.bundle.unit-test";
		};
/* End PBXNativeTarget section */

/* Begin PBXProject section */
		43CC2C541971D0FA00B9E71E /* Project object */ = {
			isa = PBXProject;
			attributes = {
				LastUpgradeCheck = 0600;
				ORGANIZATIONNAME = "Patrick Reynolds";
				TargetAttributes = {
					43CC2C5B1971D0FA00B9E71E = {
						CreatedOnToolsVersion = 6.0;
					};
					43CC2C6D1971D0FA00B9E71E = {
						CreatedOnToolsVersion = 6.0;
						TestTargetID = 43CC2C5B1971D0FA00B9E71E;
					};
				};
			};
			buildConfigurationList = 43CC2C571971D0FA00B9E71E /* Build configuration list for PBXProject "LastNight" */;
			compatibilityVersion = "Xcode 3.2";
			developmentRegion = English;
			hasScannedForEncodings = 0;
			knownRegions = (
				en,
				Base,
			);
			mainGroup = 43CC2C531971D0FA00B9E71E;
			productRefGroup = 43CC2C5D1971D0FA00B9E71E /* Products */;
			projectDirPath = "";
			projectRoot = "";
			targets = (
				43CC2C5B1971D0FA00B9E71E /* LastNight */,
				43CC2C6D1971D0FA00B9E71E /* LastNightTests */,
			);
		};
/* End PBXProject section */

/* Begin PBXResourcesBuildPhase section */
		43CC2C5A1971D0FA00B9E71E /* Resources */ = {
			isa = PBXResourcesBuildPhase;
			buildActionMask = 2147483647;
			files = (
				43CC2C671971D0FA00B9E71E /* Main.storyboard in Resources */,
				43CC2C691971D0FA00B9E71E /* Images.xcassets in Resources */,
			);
			runOnlyForDeploymentPostprocessing = 0;
		};
		43CC2C6C1971D0FA00B9E71E /* Resources */ = {
			isa = PBXResourcesBuildPhase;
			buildActionMask = 2147483647;
			files = (
			);
			runOnlyForDeploymentPostprocessing = 0;
		};
/* End PBXResourcesBuildPhase section */

/* Begin PBXSourcesBuildPhase section */
		43CC2C581971D0FA00B9E71E /* Sources */ = {
			isa = PBXSourcesBuildPhase;
			buildActionMask = 2147483647;
			files = (
				432B94511971F34F00F0CE00 /* AddressBookWrapper.m in Sources */,
				7FA406CD197764F9009615A7 /* ContactListViewController.swift in Sources */,
				43CC2C641971D0FA00B9E71E /* ViewController.swift in Sources */,
				43CC2C621971D0FA00B9E71E /* AppDelegate.swift in Sources */,
			);
			runOnlyForDeploymentPostprocessing = 0;
		};
		43CC2C6A1971D0FA00B9E71E /* Sources */ = {
			isa = PBXSourcesBuildPhase;
			buildActionMask = 2147483647;
			files = (
				43CC2C751971D0FA00B9E71E /* LastNightTests.swift in Sources */,
			);
			runOnlyForDeploymentPostprocessing = 0;
		};
/* End PBXSourcesBuildPhase section */

/* Begin PBXTargetDependency section */
		43CC2C701971D0FA00B9E71E /* PBXTargetDependency */ = {
			isa = PBXTargetDependency;
			target = 43CC2C5B1971D0FA00B9E71E /* LastNight */;
			targetProxy = 43CC2C6F1971D0FA00B9E71E /* PBXContainerItemProxy */;
		};
/* End PBXTargetDependency section */

/* Begin PBXVariantGroup section */
		43CC2C651971D0FA00B9E71E /* Main.storyboard */ = {
			isa = PBXVariantGroup;
			children = (
				43CC2C661971D0FA00B9E71E /* Base */,
			);
			name = Main.storyboard;
			sourceTree = "<group>";
		};
/* End PBXVariantGroup section */

/* Begin XCBuildConfiguration section */
		43CC2C761971D0FA00B9E71E /* Debug */ = {
			isa = XCBuildConfiguration;
			buildSettings = {
				ALWAYS_SEARCH_USER_PATHS = NO;
				CLANG_CXX_LANGUAGE_STANDARD = "gnu++0x";
				CLANG_CXX_LIBRARY = "libc++";
				CLANG_ENABLE_MODULES = YES;
				CLANG_ENABLE_OBJC_ARC = YES;
				CLANG_WARN_BOOL_CONVERSION = YES;
				CLANG_WARN_CONSTANT_CONVERSION = YES;
				CLANG_WARN_DIRECT_OBJC_ISA_USAGE = YES_ERROR;
				CLANG_WARN_EMPTY_BODY = YES;
				CLANG_WARN_ENUM_CONVERSION = YES;
				CLANG_WARN_INT_CONVERSION = YES;
				CLANG_WARN_OBJC_ROOT_CLASS = YES_ERROR;
				CLANG_WARN_UNREACHABLE_CODE = YES;
				CLANG_WARN__DUPLICATE_METHOD_MATCH = YES;
				"CODE_SIGN_IDENTITY[sdk=iphoneos*]" = "iPhone Developer";
				COPY_PHASE_STRIP = NO;
				ENABLE_STRICT_OBJC_MSGSEND = YES;
				GCC_C_LANGUAGE_STANDARD = gnu99;
				GCC_DYNAMIC_NO_PIC = NO;
				GCC_OPTIMIZATION_LEVEL = 0;
				GCC_PREPROCESSOR_DEFINITIONS = (
					"DEBUG=1",
					"$(inherited)",
				);
				GCC_SYMBOLS_PRIVATE_EXTERN = NO;
				GCC_WARN_64_TO_32_BIT_CONVERSION = YES;
				GCC_WARN_ABOUT_RETURN_TYPE = YES_ERROR;
				GCC_WARN_UNDECLARED_SELECTOR = YES;
				GCC_WARN_UNINITIALIZED_AUTOS = YES_AGGRESSIVE;
				GCC_WARN_UNUSED_FUNCTION = YES;
				GCC_WARN_UNUSED_VARIABLE = YES;
				IPHONEOS_DEPLOYMENT_TARGET = 8.0;
				MTL_ENABLE_DEBUG_INFO = YES;
				ONLY_ACTIVE_ARCH = YES;
				SDKROOT = iphoneos;
				SWIFT_OPTIMIZATION_LEVEL = "-Onone";
			};
			name = Debug;
		};
		43CC2C771971D0FA00B9E71E /* Release */ = {
			isa = XCBuildConfiguration;
			buildSettings = {
				ALWAYS_SEARCH_USER_PATHS = NO;
				CLANG_CXX_LANGUAGE_STANDARD = "gnu++0x";
				CLANG_CXX_LIBRARY = "libc++";
				CLANG_ENABLE_MODULES = YES;
				CLANG_ENABLE_OBJC_ARC = YES;
				CLANG_WARN_BOOL_CONVERSION = YES;
				CLANG_WARN_CONSTANT_CONVERSION = YES;
				CLANG_WARN_DIRECT_OBJC_ISA_USAGE = YES_ERROR;
				CLANG_WARN_EMPTY_BODY = YES;
				CLANG_WARN_ENUM_CONVERSION = YES;
				CLANG_WARN_INT_CONVERSION = YES;
				CLANG_WARN_OBJC_ROOT_CLASS = YES_ERROR;
				CLANG_WARN_UNREACHABLE_CODE = YES;
				CLANG_WARN__DUPLICATE_METHOD_MATCH = YES;
				"CODE_SIGN_IDENTITY[sdk=iphoneos*]" = "iPhone Developer";
				COPY_PHASE_STRIP = YES;
				ENABLE_NS_ASSERTIONS = NO;
				ENABLE_STRICT_OBJC_MSGSEND = YES;
				GCC_C_LANGUAGE_STANDARD = gnu99;
				GCC_WARN_64_TO_32_BIT_CONVERSION = YES;
				GCC_WARN_ABOUT_RETURN_TYPE = YES_ERROR;
				GCC_WARN_UNDECLARED_SELECTOR = YES;
				GCC_WARN_UNINITIALIZED_AUTOS = YES_AGGRESSIVE;
				GCC_WARN_UNUSED_FUNCTION = YES;
				GCC_WARN_UNUSED_VARIABLE = YES;
				IPHONEOS_DEPLOYMENT_TARGET = 8.0;
				MTL_ENABLE_DEBUG_INFO = NO;
				SDKROOT = iphoneos;
				VALIDATE_PRODUCT = YES;
			};
			name = Release;
		};
		43CC2C791971D0FA00B9E71E /* Debug */ = {
			isa = XCBuildConfiguration;
			buildSettings = {
				ASSETCATALOG_COMPILER_APPICON_NAME = AppIcon;
				ASSETCATALOG_COMPILER_LAUNCHIMAGE_NAME = LaunchImage;
				CLANG_ENABLE_MODULES = YES;
				INFOPLIST_FILE = LastNight/Info.plist;
				LD_RUNPATH_SEARCH_PATHS = "$(inherited) @executable_path/Frameworks";
				PRODUCT_NAME = "$(TARGET_NAME)";
				SWIFT_OBJC_BRIDGING_HEADER = "LastNight/LastNight-Bridging-Header.h";
				SWIFT_OPTIMIZATION_LEVEL = "-Onone";
			};
			name = Debug;
		};
		43CC2C7A1971D0FA00B9E71E /* Release */ = {
			isa = XCBuildConfiguration;
			buildSettings = {
				ASSETCATALOG_COMPILER_APPICON_NAME = AppIcon;
				ASSETCATALOG_COMPILER_LAUNCHIMAGE_NAME = LaunchImage;
				CLANG_ENABLE_MODULES = YES;
				INFOPLIST_FILE = LastNight/Info.plist;
				LD_RUNPATH_SEARCH_PATHS = "$(inherited) @executable_path/Frameworks";
				PRODUCT_NAME = "$(TARGET_NAME)";
				SWIFT_OBJC_BRIDGING_HEADER = "LastNight/LastNight-Bridging-Header.h";
			};
			name = Release;
		};
		43CC2C7C1971D0FA00B9E71E /* Debug */ = {
			isa = XCBuildConfiguration;
			buildSettings = {
				BUNDLE_LOADER = "$(BUILT_PRODUCTS_DIR)/LastNight.app/LastNight";
				FRAMEWORK_SEARCH_PATHS = (
					"$(SDKROOT)/Developer/Library/Frameworks",
					"$(inherited)",
				);
				GCC_PREPROCESSOR_DEFINITIONS = (
					"DEBUG=1",
					"$(inherited)",
				);
				INFOPLIST_FILE = LastNightTests/Info.plist;
				LD_RUNPATH_SEARCH_PATHS = "$(inherited) @executable_path/Frameworks @loader_path/Frameworks";
				PRODUCT_NAME = "$(TARGET_NAME)";
				TEST_HOST = "$(BUNDLE_LOADER)";
			};
			name = Debug;
		};
		43CC2C7D1971D0FA00B9E71E /* Release */ = {
			isa = XCBuildConfiguration;
			buildSettings = {
				BUNDLE_LOADER = "$(BUILT_PRODUCTS_DIR)/LastNight.app/LastNight";
				FRAMEWORK_SEARCH_PATHS = (
					"$(SDKROOT)/Developer/Library/Frameworks",
					"$(inherited)",
				);
				INFOPLIST_FILE = LastNightTests/Info.plist;
				LD_RUNPATH_SEARCH_PATHS = "$(inherited) @executable_path/Frameworks @loader_path/Frameworks";
				PRODUCT_NAME = "$(TARGET_NAME)";
				TEST_HOST = "$(BUNDLE_LOADER)";
			};
			name = Release;
		};
/* End XCBuildConfiguration section */

/* Begin XCConfigurationList section */
		43CC2C571971D0FA00B9E71E /* Build configuration list for PBXProject "LastNight" */ = {
			isa = XCConfigurationList;
			buildConfigurations = (
				43CC2C761971D0FA00B9E71E /* Debug */,
				43CC2C771971D0FA00B9E71E /* Release */,
			);
			defaultConfigurationIsVisible = 0;
			defaultConfigurationName = Release;
		};
		43CC2C781971D0FA00B9E71E /* Build configuration list for PBXNativeTarget "LastNight" */ = {
			isa = XCConfigurationList;
			buildConfigurations = (
				43CC2C791971D0FA00B9E71E /* Debug */,
				43CC2C7A1971D0FA00B9E71E /* Release */,
			);
			defaultConfigurationIsVisible = 0;
			defaultConfigurationName = Release;
		};
		43CC2C7B1971D0FA00B9E71E /* Build configuration list for PBXNativeTarget "LastNightTests" */ = {
			isa = XCConfigurationList;
			buildConfigurations = (
				43CC2C7C1971D0FA00B9E71E /* Debug */,
				43CC2C7D1971D0FA00B9E71E /* Release */,
			);
			defaultConfigurationIsVisible = 0;
			defaultConfigurationName = Release;
		};
/* End XCConfigurationList section */
	};
	rootObject = 43CC2C541971D0FA00B9E71E /* Project object */;
}
